
Microsoft Visual Studio Solution File, Format Version 12.00
# Visual Studio Version 16
VisualStudioVersion = 16.0.30114.105
MinimumVisualStudioVersion = 10.0.40219.1
Project("{9A19103F-16F7-4668-BE54-9A1E7A4F7556}") = "Teamwork", "Teamwork\Teamwork.csproj", "{28B24DC9-12C6-49A3-829F-EAE856D67AC6}"
EndProject
Project("{9A19103F-16F7-4668-BE54-9A1E7A4F7556}") = "DataAccess", "DataAccess\DataAccess.csproj", "{B35F6E75-EC6C-4F62-B038-E3D06BC4E859}"
EndProject
Project("{FAE04EC0-301F-11D3-BF4B-00C04F79EFBC}") = "Application", "Application\Application.csproj", "{4A1FD73F-9517-445F-B337-91DEF1EC36D1}"
EndProject
Project("{FAE04EC0-301F-11D3-BF4B-00C04F79EFBC}") = "Implementation", "Implementation\Implementation.csproj", "{82E32044-EBD6-4D7F-8EE4-D19C1CCC6C52}"
EndProject
Project("{FAE04EC0-301F-11D3-BF4B-00C04F79EFBC}") = "Domain", "Domain\Domain.csproj", "{40D60769-D59B-4DE7-AD6C-55F5562EDFB8}"
EndProject
Global
	GlobalSection(SolutionConfigurationPlatforms) = preSolution
		Debug|Any CPU = Debug|Any CPU
		Release|Any CPU = Release|Any CPU
	EndGlobalSection
	GlobalSection(ProjectConfigurationPlatforms) = postSolution
		{28B24DC9-12C6-49A3-829F-EAE856D67AC6}.Debug|Any CPU.ActiveCfg = Debug|Any CPU
		{28B24DC9-12C6-49A3-829F-EAE856D67AC6}.Debug|Any CPU.Build.0 = Debug|Any CPU
		{28B24DC9-12C6-49A3-829F-EAE856D67AC6}.Release|Any CPU.ActiveCfg = Release|Any CPU
		{28B24DC9-12C6-49A3-829F-EAE856D67AC6}.Release|Any CPU.Build.0 = Release|Any CPU
		{B35F6E75-EC6C-4F62-B038-E3D06BC4E859}.Debug|Any CPU.ActiveCfg = Debug|Any CPU
		{B35F6E75-EC6C-4F62-B038-E3D06BC4E859}.Debug|Any CPU.Build.0 = Debug|Any CPU
		{B35F6E75-EC6C-4F62-B038-E3D06BC4E859}.Release|Any CPU.ActiveCfg = Release|Any CPU
		{B35F6E75-EC6C-4F62-B038-E3D06BC4E859}.Release|Any CPU.Build.0 = Release|Any CPU
		{4A1FD73F-9517-445F-B337-91DEF1EC36D1}.Debug|Any CPU.ActiveCfg = Debug|Any CPU
		{4A1FD73F-9517-445F-B337-91DEF1EC36D1}.Debug|Any CPU.Build.0 = Debug|Any CPU
		{4A1FD73F-9517-445F-B337-91DEF1EC36D1}.Release|Any CPU.ActiveCfg = Release|Any CPU
		{4A1FD73F-9517-445F-B337-91DEF1EC36D1}.Release|Any CPU.Build.0 = Release|Any CPU
		{82E32044-EBD6-4D7F-8EE4-D19C1CCC6C52}.Debug|Any CPU.ActiveCfg = Debug|Any CPU
		{82E32044-EBD6-4D7F-8EE4-D19C1CCC6C52}.Debug|Any CPU.Build.0 = Debug|Any CPU
		{82E32044-EBD6-4D7F-8EE4-D19C1CCC6C52}.Release|Any CPU.ActiveCfg = Release|Any CPU
		{82E32044-EBD6-4D7F-8EE4-D19C1CCC6C52}.Release|Any CPU.Build.0 = Release|Any CPU
		{40D60769-D59B-4DE7-AD6C-55F5562EDFB8}.Debug|Any CPU.ActiveCfg = Debug|Any CPU
		{40D60769-D59B-4DE7-AD6C-55F5562EDFB8}.Debug|Any CPU.Build.0 = Debug|Any CPU
		{40D60769-D59B-4DE7-AD6C-55F5562EDFB8}.Release|Any CPU.ActiveCfg = Release|Any CPU
		{40D60769-D59B-4DE7-AD6C-55F5562EDFB8}.Release|Any CPU.Build.0 = Release|Any CPU
	EndGlobalSection
	GlobalSection(SolutionProperties) = preSolution
		HideSolutionNode = FALSE
	EndGlobalSection
	GlobalSection(ExtensibilityGlobals) = postSolution
		SolutionGuid = {042F8F84-F341-4FD1-99ED-5ACC5A5F5D48}
	EndGlobalSection
EndGlobal
